
Microsoft Visual Studio Solution File, Format Version 12.00
# Visual Studio Version 17
VisualStudioVersion = 17.3.32825.248
MinimumVisualStudioVersion = 10.0.40219.1
Project("{FAE04EC0-301F-11D3-BF4B-00C04F79EFBC}") = "ApiRifaCasinoPIA", "ApiRifaCasinoPIA\ApiRifaCasinoPIA.csproj", "{D9D91EC6-3032-4441-82A0-D4951FC7064E}"
EndProject
Global
	GlobalSection(SolutionConfigurationPlatforms) = preSolution
		Debug|Any CPU = Debug|Any CPU
		Release|Any CPU = Release|Any CPU
	EndGlobalSection
	GlobalSection(ProjectConfigurationPlatforms) = postSolution
		{D9D91EC6-3032-4441-82A0-D4951FC7064E}.Debug|Any CPU.ActiveCfg = Debug|Any CPU
		{D9D91EC6-3032-4441-82A0-D4951FC7064E}.Debug|Any CPU.Build.0 = Debug|Any CPU
		{D9D91EC6-3032-4441-82A0-D4951FC7064E}.Release|Any CPU.ActiveCfg = Release|Any CPU
		{D9D91EC6-3032-4441-82A0-D4951FC7064E}.Release|Any CPU.Build.0 = Release|Any CPU
	EndGlobalSection
	GlobalSection(SolutionProperties) = preSolution
		HideSolutionNode = FALSE
	EndGlobalSection
	GlobalSection(ExtensibilityGlobals) = postSolution
		SolutionGuid = {CF22D589-81D9-406C-A317-6E4498F91FE8}
	EndGlobalSection
EndGlobal
